// !$*UTF8*$!
{
	archiveVersion = 1;
	classes = {
	};
	objectVersion = 55;
	objects = {

/* Begin PBXBuildFile section */
		C09AE13127BAD2BD0097B069 /* Color+Extension.swift in Sources */ = {isa = PBXBuildFile; fileRef = C09AE13027BAD2BD0097B069 /* Color+Extension.swift */; };
		C09DF06527BED12F0081979A /* LaunchDetailRocketSpecification.swift in Sources */ = {isa = PBXBuildFile; fileRef = C09DF06427BED12F0081979A /* LaunchDetailRocketSpecification.swift */; };
		C09DF06827BED54A0081979A /* SavedLaunches.swift in Sources */ = {isa = PBXBuildFile; fileRef = C09DF06727BED54A0081979A /* SavedLaunches.swift */; };
		C09EDD7B27C0F49C00A4B4CA /* API.swift in Sources */ = {isa = PBXBuildFile; fileRef = C09EDD7A27C0F49C00A4B4CA /* API.swift */; };
		C09EDD7D27C0FB8700A4B4CA /* SavedLaunchesViewModel.swift in Sources */ = {isa = PBXBuildFile; fileRef = C09EDD7C27C0FB8700A4B4CA /* SavedLaunchesViewModel.swift */; };
		C0CB55DF27BA917E00DE1EB2 /* LaunchListItem.swift in Sources */ = {isa = PBXBuildFile; fileRef = C0CB55DE27BA917E00DE1EB2 /* LaunchListItem.swift */; };
		C0D9F3F127BB128D0042BE27 /* AppAbout.swift in Sources */ = {isa = PBXBuildFile; fileRef = C0D9F3F027BB128D0042BE27 /* AppAbout.swift */; };
		C0DE057027BDAF3A00A34CFE /* Spinner.swift in Sources */ = {isa = PBXBuildFile; fileRef = C0DE056F27BDAF3A00A34CFE /* Spinner.swift */; };
		C0E17A4727BAEAF300F2AA60 /* View+Extension.swift in Sources */ = {isa = PBXBuildFile; fileRef = C0E17A4627BAEAF300F2AA60 /* View+Extension.swift */; };
		C0E63C0D27B9ABD30033B879 /* SpaceXApp.swift in Sources */ = {isa = PBXBuildFile; fileRef = C0E63C0C27B9ABD30033B879 /* SpaceXApp.swift */; };
		C0E63C0F27B9ABD30033B879 /* ContentView.swift in Sources */ = {isa = PBXBuildFile; fileRef = C0E63C0E27B9ABD30033B879 /* ContentView.swift */; };
		C0E63C1127B9ABD50033B879 /* Assets.xcassets in Resources */ = {isa = PBXBuildFile; fileRef = C0E63C1027B9ABD50033B879 /* Assets.xcassets */; };
		C0E63C1427B9ABD50033B879 /* Preview Assets.xcassets in Resources */ = {isa = PBXBuildFile; fileRef = C0E63C1327B9ABD50033B879 /* Preview Assets.xcassets */; };
		C0E63C2527B9AE070033B879 /* Apollo in Frameworks */ = {isa = PBXBuildFile; productRef = C0E63C2427B9AE070033B879 /* Apollo */; };
		C0E63C2727B9AE070033B879 /* ApolloWebSocket in Frameworks */ = {isa = PBXBuildFile; productRef = C0E63C2627B9AE070033B879 /* ApolloWebSocket */; };
		C0E63C2D27B9B1390033B879 /* LaunchList.graphql in Resources */ = {isa = PBXBuildFile; fileRef = C0E63C2C27B9B1390033B879 /* LaunchList.graphql */; };
		C0E63C3227B9B2590033B879 /* Network.swift in Sources */ = {isa = PBXBuildFile; fileRef = C0E63C3127B9B2590033B879 /* Network.swift */; };
		C0E63C3627B9B33B0033B879 /* LaunchList.swift in Sources */ = {isa = PBXBuildFile; fileRef = C0E63C3527B9B33B0033B879 /* LaunchList.swift */; };
		C0E63C3927B9B5140033B879 /* LaunchListViewModel.swift in Sources */ = {isa = PBXBuildFile; fileRef = C0E63C3827B9B5140033B879 /* LaunchListViewModel.swift */; };
		C0E63C3D27B9C3870033B879 /* LaunchDetail.swift in Sources */ = {isa = PBXBuildFile; fileRef = C0E63C3C27B9C3870033B879 /* LaunchDetail.swift */; };
		C0E63C3F27B9C4020033B879 /* LaunchDetailViewModel.swift in Sources */ = {isa = PBXBuildFile; fileRef = C0E63C3E27B9C4020033B879 /* LaunchDetailViewModel.swift */; };
		C0E63C4127B9C7090033B879 /* LaunchDetails.graphql in Resources */ = {isa = PBXBuildFile; fileRef = C0E63C4027B9C7090033B879 /* LaunchDetails.graphql */; };
/* End PBXBuildFile section */

/* Begin PBXFileReference section */
		C09AE13027BAD2BD0097B069 /* Color+Extension.swift */ = {isa = PBXFileReference; lastKnownFileType = sourcecode.swift; path = "Color+Extension.swift"; sourceTree = "<group>"; };
		C09DF06427BED12F0081979A /* LaunchDetailRocketSpecification.swift */ = {isa = PBXFileReference; lastKnownFileType = sourcecode.swift; path = LaunchDetailRocketSpecification.swift; sourceTree = "<group>"; };
		C09DF06727BED54A0081979A /* SavedLaunches.swift */ = {isa = PBXFileReference; lastKnownFileType = sourcecode.swift; path = SavedLaunches.swift; sourceTree = "<group>"; };
		C09EDD7A27C0F49C00A4B4CA /* API.swift */ = {isa = PBXFileReference; fileEncoding = 4; lastKnownFileType = sourcecode.swift; path = API.swift; sourceTree = "<group>"; };
		C09EDD7C27C0FB8700A4B4CA /* SavedLaunchesViewModel.swift */ = {isa = PBXFileReference; lastKnownFileType = sourcecode.swift; path = SavedLaunchesViewModel.swift; sourceTree = "<group>"; };
		C0CB55DE27BA917E00DE1EB2 /* LaunchListItem.swift */ = {isa = PBXFileReference; lastKnownFileType = sourcecode.swift; path = LaunchListItem.swift; sourceTree = "<group>"; };
		C0D9F3F027BB128D0042BE27 /* AppAbout.swift */ = {isa = PBXFileReference; lastKnownFileType = sourcecode.swift; path = AppAbout.swift; sourceTree = "<group>"; };
		C0DE056F27BDAF3A00A34CFE /* Spinner.swift */ = {isa = PBXFileReference; lastKnownFileType = sourcecode.swift; path = Spinner.swift; sourceTree = "<group>"; };
		C0E17A4627BAEAF300F2AA60 /* View+Extension.swift */ = {isa = PBXFileReference; lastKnownFileType = sourcecode.swift; path = "View+Extension.swift"; sourceTree = "<group>"; };
		C0E63C0927B9ABD30033B879 /* SpaceX.app */ = {isa = PBXFileReference; explicitFileType = wrapper.application; includeInIndex = 0; path = SpaceX.app; sourceTree = BUILT_PRODUCTS_DIR; };
		C0E63C0C27B9ABD30033B879 /* SpaceXApp.swift */ = {isa = PBXFileReference; lastKnownFileType = sourcecode.swift; path = SpaceXApp.swift; sourceTree = "<group>"; };
		C0E63C0E27B9ABD30033B879 /* ContentView.swift */ = {isa = PBXFileReference; lastKnownFileType = sourcecode.swift; path = ContentView.swift; sourceTree = "<group>"; };
		C0E63C1027B9ABD50033B879 /* Assets.xcassets */ = {isa = PBXFileReference; lastKnownFileType = folder.assetcatalog; path = Assets.xcassets; sourceTree = "<group>"; };
		C0E63C1327B9ABD50033B879 /* Preview Assets.xcassets */ = {isa = PBXFileReference; lastKnownFileType = folder.assetcatalog; path = "Preview Assets.xcassets"; sourceTree = "<group>"; };
		C0E63C2927B9B0A50033B879 /* Schema.json */ = {isa = PBXFileReference; fileEncoding = 4; lastKnownFileType = text.json; path = Schema.json; sourceTree = "<group>"; };
		C0E63C2C27B9B1390033B879 /* LaunchList.graphql */ = {isa = PBXFileReference; lastKnownFileType = text; path = LaunchList.graphql; sourceTree = "<group>"; };
		C0E63C3127B9B2590033B879 /* Network.swift */ = {isa = PBXFileReference; lastKnownFileType = sourcecode.swift; path = Network.swift; sourceTree = "<group>"; };
		C0E63C3527B9B33B0033B879 /* LaunchList.swift */ = {isa = PBXFileReference; lastKnownFileType = sourcecode.swift; path = LaunchList.swift; sourceTree = "<group>"; };
		C0E63C3827B9B5140033B879 /* LaunchListViewModel.swift */ = {isa = PBXFileReference; lastKnownFileType = sourcecode.swift; path = LaunchListViewModel.swift; sourceTree = "<group>"; };
		C0E63C3C27B9C3870033B879 /* LaunchDetail.swift */ = {isa = PBXFileReference; lastKnownFileType = sourcecode.swift; path = LaunchDetail.swift; sourceTree = "<group>"; };
		C0E63C3E27B9C4020033B879 /* LaunchDetailViewModel.swift */ = {isa = PBXFileReference; lastKnownFileType = sourcecode.swift; path = LaunchDetailViewModel.swift; sourceTree = "<group>"; };
		C0E63C4027B9C7090033B879 /* LaunchDetails.graphql */ = {isa = PBXFileReference; lastKnownFileType = text; path = LaunchDetails.graphql; sourceTree = "<group>"; };
/* End PBXFileReference section */

/* Begin PBXFrameworksBuildPhase section */
		C0E63C0627B9ABD30033B879 /* Frameworks */ = {
			isa = PBXFrameworksBuildPhase;
			buildActionMask = 2147483647;
			files = (
				C0E63C2527B9AE070033B879 /* Apollo in Frameworks */,
				C0E63C2727B9AE070033B879 /* ApolloWebSocket in Frameworks */,
			);
			runOnlyForDeploymentPostprocessing = 0;
		};
/* End PBXFrameworksBuildPhase section */

/* Begin PBXGroup section */
		C09AE12F27BAD2B50097B069 /* Extension */ = {
			isa = PBXGroup;
			children = (
				C09AE13027BAD2BD0097B069 /* Color+Extension.swift */,
				C0E17A4627BAEAF300F2AA60 /* View+Extension.swift */,
			);
			path = Extension;
			sourceTree = "<group>";
		};
		C09DF06627BED5390081979A /* Saved */ = {
			isa = PBXGroup;
			children = (
				C09DF06727BED54A0081979A /* SavedLaunches.swift */,
				C09EDD7C27C0FB8700A4B4CA /* SavedLaunchesViewModel.swift */,
			);
			path = Saved;
			sourceTree = "<group>";
		};
		C0D9F3EF27BB127B0042BE27 /* About */ = {
			isa = PBXGroup;
			children = (
				C0D9F3F027BB128D0042BE27 /* AppAbout.swift */,
			);
			path = About;
			sourceTree = "<group>";
		};
		C0E63C0027B9ABD30033B879 = {
			isa = PBXGroup;
			children = (
				C0E63C0B27B9ABD30033B879 /* SpaceX */,
				C0E63C0A27B9ABD30033B879 /* Products */,
			);
			sourceTree = "<group>";
		};
		C0E63C0A27B9ABD30033B879 /* Products */ = {
			isa = PBXGroup;
			children = (
				C0E63C0927B9ABD30033B879 /* SpaceX.app */,
			);
			name = Products;
			sourceTree = "<group>";
		};
		C0E63C0B27B9ABD30033B879 /* SpaceX */ = {
			isa = PBXGroup;
			children = (
				C09AE12F27BAD2B50097B069 /* Extension */,
				C0E63C2827B9B0A50033B879 /* GraphQL */,
				C0E63C1A27B9AC070033B879 /* UI */,
				C0E63C0C27B9ABD30033B879 /* SpaceXApp.swift */,
				C0E63C1027B9ABD50033B879 /* Assets.xcassets */,
				C0E63C1227B9ABD50033B879 /* Preview Content */,
			);
			path = SpaceX;
			sourceTree = "<group>";
		};
		C0E63C1227B9ABD50033B879 /* Preview Content */ = {
			isa = PBXGroup;
			children = (
				C0E63C1327B9ABD50033B879 /* Preview Assets.xcassets */,
			);
			path = "Preview Content";
			sourceTree = "<group>";
		};
		C0E63C1A27B9AC070033B879 /* UI */ = {
			isa = PBXGroup;
			children = (
				C0D9F3EF27BB127B0042BE27 /* About */,
				C0E63C3427B9B32C0033B879 /* Detail */,
				C09DF06627BED5390081979A /* Saved */,
				C0E63C3327B9B3270033B879 /* List */,
				C0E63C0E27B9ABD30033B879 /* ContentView.swift */,
				C0DE056F27BDAF3A00A34CFE /* Spinner.swift */,
			);
			path = UI;
			sourceTree = "<group>";
		};
		C0E63C2827B9B0A50033B879 /* GraphQL */ = {
			isa = PBXGroup;
			children = (
				C0E63C2A27B9B0A50033B879 /* Query */,
				C09EDD7A27C0F49C00A4B4CA /* API.swift */,
				C0E63C2927B9B0A50033B879 /* Schema.json */,
				C0E63C3127B9B2590033B879 /* Network.swift */,
			);
			path = GraphQL;
			sourceTree = "<group>";
		};
		C0E63C2A27B9B0A50033B879 /* Query */ = {
			isa = PBXGroup;
			children = (
				C0E63C2C27B9B1390033B879 /* LaunchList.graphql */,
				C0E63C4027B9C7090033B879 /* LaunchDetails.graphql */,
			);
			path = Query;
			sourceTree = "<group>";
		};
		C0E63C3327B9B3270033B879 /* List */ = {
			isa = PBXGroup;
			children = (
				C0E63C3527B9B33B0033B879 /* LaunchList.swift */,
				C0CB55DE27BA917E00DE1EB2 /* LaunchListItem.swift */,
				C0E63C3827B9B5140033B879 /* LaunchListViewModel.swift */,
			);
			path = List;
			sourceTree = "<group>";
		};
		C0E63C3427B9B32C0033B879 /* Detail */ = {
			isa = PBXGroup;
			children = (
				C0E63C3C27B9C3870033B879 /* LaunchDetail.swift */,
				C0E63C3E27B9C4020033B879 /* LaunchDetailViewModel.swift */,
				C09DF06427BED12F0081979A /* LaunchDetailRocketSpecification.swift */,
			);
			path = Detail;
			sourceTree = "<group>";
		};
/* End PBXGroup section */

/* Begin PBXNativeTarget section */
		C0E63C0827B9ABD30033B879 /* SpaceX */ = {
			isa = PBXNativeTarget;
			buildConfigurationList = C0E63C1727B9ABD50033B879 /* Build configuration list for PBXNativeTarget "SpaceX" */;
			buildPhases = (
				C0E63C2E27B9B1530033B879 /* Apollo */,
				C0E63C0527B9ABD30033B879 /* Sources */,
				C0E63C0627B9ABD30033B879 /* Frameworks */,
				C0E63C0727B9ABD30033B879 /* Resources */,
			);
			buildRules = (
			);
			dependencies = (
			);
			name = SpaceX;
			packageProductDependencies = (
				C0E63C2427B9AE070033B879 /* Apollo */,
				C0E63C2627B9AE070033B879 /* ApolloWebSocket */,
			);
			productName = SpaceX;
			productReference = C0E63C0927B9ABD30033B879 /* SpaceX.app */;
			productType = "com.apple.product-type.application";
		};
/* End PBXNativeTarget section */

/* Begin PBXProject section */
		C0E63C0127B9ABD30033B879 /* Project object */ = {
			isa = PBXProject;
			attributes = {
				BuildIndependentTargetsInParallel = 1;
				LastSwiftUpdateCheck = 1320;
				LastUpgradeCheck = 1320;
				TargetAttributes = {
					C0E63C0827B9ABD30033B879 = {
						CreatedOnToolsVersion = 13.2.1;
					};
				};
			};
			buildConfigurationList = C0E63C0427B9ABD30033B879 /* Build configuration list for PBXProject "SpaceX" */;
			compatibilityVersion = "Xcode 13.0";
			developmentRegion = en;
			hasScannedForEncodings = 0;
			knownRegions = (
				en,
				Base,
			);
			mainGroup = C0E63C0027B9ABD30033B879;
			packageReferences = (
				C0E63C2327B9AE070033B879 /* XCRemoteSwiftPackageReference "apollo-ios" */,
			);
			productRefGroup = C0E63C0A27B9ABD30033B879 /* Products */;
			projectDirPath = "";
			projectRoot = "";
			targets = (
				C0E63C0827B9ABD30033B879 /* SpaceX */,
			);
		};
/* End PBXProject section */

/* Begin PBXResourcesBuildPhase section */
		C0E63C0727B9ABD30033B879 /* Resources */ = {
			isa = PBXResourcesBuildPhase;
			buildActionMask = 2147483647;
			files = (
				C0E63C2D27B9B1390033B879 /* LaunchList.graphql in Resources */,
				C0E63C1427B9ABD50033B879 /* Preview Assets.xcassets in Resources */,
				C0E63C1127B9ABD50033B879 /* Assets.xcassets in Resources */,
				C0E63C4127B9C7090033B879 /* LaunchDetails.graphql in Resources */,
			);
			runOnlyForDeploymentPostprocessing = 0;
		};
/* End PBXResourcesBuildPhase section */

/* Begin PBXShellScriptBuildPhase section */
		C0E63C2E27B9B1530033B879 /* Apollo */ = {
			isa = PBXShellScriptBuildPhase;
			buildActionMask = 2147483647;
			files = (
			);
			inputFileListPaths = (
			);
			inputPaths = (
				"$(SRCROOT)/${TARGET_NAME}/GraphQL/Query/*.graphql",
			);
			name = Apollo;
			outputFileListPaths = (
			);
			outputPaths = (
				"$(SRCROOT)/${TARGET_NAME}/GraphQL/API.swift",
			);
			runOnlyForDeploymentPostprocessing = 0;
			shellPath = /bin/sh;
			shellScript = "# Don't run this during index builds\nif [ $ACTION = \"indexbuild\" ]; then exit 0; fi\n\n# Go to the build root and search up the chain to find the Derived Data Path where the source packages are checked out.\nDERIVED_DATA_CANDIDATE=\"${BUILD_ROOT}\"\n\nwhile ! [ -d \"${DERIVED_DATA_CANDIDATE}/SourcePackages\" ]; do\n  if [ \"${DERIVED_DATA_CANDIDATE}\" = / ]; then\n    echo >&2 \"error: Unable to locate SourcePackages directory from BUILD_ROOT: '${BUILD_ROOT}'\"\n    exit 1\n  fi\n\n  DERIVED_DATA_CANDIDATE=\"$(dirname \"${DERIVED_DATA_CANDIDATE}\")\"\ndone\n\n# Grab a reference to the directory where scripts are checked out\nSCRIPT_PATH=\"${DERIVED_DATA_CANDIDATE}/SourcePackages/checkouts/apollo-ios/scripts\"\n\nif [ -z \"${SCRIPT_PATH}\" ]; then\n    echo >&2 \"error: Couldn't find the CLI script in your checked out SPM packages; make sure to add the framework to your project.\"\n    exit 1\nfi\n\ncd \"${SRCROOT}/${TARGET_NAME}\"\n\"${SCRIPT_PATH}\"/run-bundled-codegen.sh codegen:generate --target=swift --includes=./**/*.graphql --localSchemaFile=\"GraphQL/Schema.json\" GraphQL/API.swift\n";
		};
/* End PBXShellScriptBuildPhase section */

/* Begin PBXSourcesBuildPhase section */
		C0E63C0527B9ABD30033B879 /* Sources */ = {
			isa = PBXSourcesBuildPhase;
			buildActionMask = 2147483647;
			files = (
				C0E63C3F27B9C4020033B879 /* LaunchDetailViewModel.swift in Sources */,
				C0E63C3627B9B33B0033B879 /* LaunchList.swift in Sources */,
				C0CB55DF27BA917E00DE1EB2 /* LaunchListItem.swift in Sources */,
				C09AE13127BAD2BD0097B069 /* Color+Extension.swift in Sources */,
				C09EDD7B27C0F49C00A4B4CA /* API.swift in Sources */,
				C0DE057027BDAF3A00A34CFE /* Spinner.swift in Sources */,
				C09DF06527BED12F0081979A /* LaunchDetailRocketSpecification.swift in Sources */,
				C0E63C0F27B9ABD30033B879 /* ContentView.swift in Sources */,
				C0D9F3F127BB128D0042BE27 /* AppAbout.swift in Sources */,
				C09EDD7D27C0FB8700A4B4CA /* SavedLaunchesViewModel.swift in Sources */,
				C0E63C3227B9B2590033B879 /* Network.swift in Sources */,
				C0E63C0D27B9ABD30033B879 /* SpaceXApp.swift in Sources */,
				C0E17A4727BAEAF300F2AA60 /* View+Extension.swift in Sources */,
				C0E63C3D27B9C3870033B879 /* LaunchDetail.swift in Sources */,
				C09DF06827BED54A0081979A /* SavedLaunches.swift in Sources */,
				C0E63C3927B9B5140033B879 /* LaunchListViewModel.swift in Sources */,
			);
			runOnlyForDeploymentPostprocessing = 0;
		};
/* End PBXSourcesBuildPhase section */

/* Begin XCBuildConfiguration section */
		C0E63C1527B9ABD50033B879 /* Debug */ = {
			isa = XCBuildConfiguration;
			buildSettings = {
				ALWAYS_SEARCH_USER_PATHS = NO;
				CLANG_ANALYZER_NONNULL = YES;
				CLANG_ANALYZER_NUMBER_OBJECT_CONVERSION = YES_AGGRESSIVE;
				CLANG_CXX_LANGUAGE_STANDARD = "gnu++17";
				CLANG_CXX_LIBRARY = "libc++";
				CLANG_ENABLE_MODULES = YES;
				CLANG_ENABLE_OBJC_ARC = YES;
				CLANG_ENABLE_OBJC_WEAK = YES;
				CLANG_WARN_BLOCK_CAPTURE_AUTORELEASING = YES;
				CLANG_WARN_BOOL_CONVERSION = YES;
				CLANG_WARN_COMMA = YES;
				CLANG_WARN_CONSTANT_CONVERSION = YES;
				CLANG_WARN_DEPRECATED_OBJC_IMPLEMENTATIONS = YES;
				CLANG_WARN_DIRECT_OBJC_ISA_USAGE = YES_ERROR;
				CLANG_WARN_DOCUMENTATION_COMMENTS = YES;
				CLANG_WARN_EMPTY_BODY = YES;
				CLANG_WARN_ENUM_CONVERSION = YES;
				CLANG_WARN_INFINITE_RECURSION = YES;
				CLANG_WARN_INT_CONVERSION = YES;
				CLANG_WARN_NON_LITERAL_NULL_CONVERSION = YES;
				CLANG_WARN_OBJC_IMPLICIT_RETAIN_SELF = YES;
				CLANG_WARN_OBJC_LITERAL_CONVERSION = YES;
				CLANG_WARN_OBJC_ROOT_CLASS = YES_ERROR;
				CLANG_WARN_QUOTED_INCLUDE_IN_FRAMEWORK_HEADER = YES;
				CLANG_WARN_RANGE_LOOP_ANALYSIS = YES;
				CLANG_WARN_STRICT_PROTOTYPES = YES;
				CLANG_WARN_SUSPICIOUS_MOVE = YES;
				CLANG_WARN_UNGUARDED_AVAILABILITY = YES_AGGRESSIVE;
				CLANG_WARN_UNREACHABLE_CODE = YES;
				CLANG_WARN__DUPLICATE_METHOD_MATCH = YES;
				COPY_PHASE_STRIP = NO;
				DEBUG_INFORMATION_FORMAT = dwarf;
				ENABLE_STRICT_OBJC_MSGSEND = YES;
				ENABLE_TESTABILITY = YES;
				GCC_C_LANGUAGE_STANDARD = gnu11;
				GCC_DYNAMIC_NO_PIC = NO;
				GCC_NO_COMMON_BLOCKS = YES;
				GCC_OPTIMIZATION_LEVEL = 0;
				GCC_PREPROCESSOR_DEFINITIONS = (
					"DEBUG=1",
					"$(inherited)",
				);
				GCC_WARN_64_TO_32_BIT_CONVERSION = YES;
				GCC_WARN_ABOUT_RETURN_TYPE = YES_ERROR;
				GCC_WARN_UNDECLARED_SELECTOR = YES;
				GCC_WARN_UNINITIALIZED_AUTOS = YES_AGGRESSIVE;
				GCC_WARN_UNUSED_FUNCTION = YES;
				GCC_WARN_UNUSED_VARIABLE = YES;
				IPHONEOS_DEPLOYMENT_TARGET = 15.2;
				MTL_ENABLE_DEBUG_INFO = INCLUDE_SOURCE;
				MTL_FAST_MATH = YES;
				ONLY_ACTIVE_ARCH = YES;
				SDKROOT = iphoneos;
				SWIFT_ACTIVE_COMPILATION_CONDITIONS = DEBUG;
				SWIFT_OPTIMIZATION_LEVEL = "-Onone";
			};
			name = Debug;
		};
		C0E63C1627B9ABD50033B879 /* Release */ = {
			isa = XCBuildConfiguration;
			buildSettings = {
				ALWAYS_SEARCH_USER_PATHS = NO;
				CLANG_ANALYZER_NONNULL = YES;
				CLANG_ANALYZER_NUMBER_OBJECT_CONVERSION = YES_AGGRESSIVE;
				CLANG_CXX_LANGUAGE_STANDARD = "gnu++17";
				CLANG_CXX_LIBRARY = "libc++";
				CLANG_ENABLE_MODULES = YES;
				CLANG_ENABLE_OBJC_ARC = YES;
				CLANG_ENABLE_OBJC_WEAK = YES;
				CLANG_WARN_BLOCK_CAPTURE_AUTORELEASING = YES;
				CLANG_WARN_BOOL_CONVERSION = YES;
				CLANG_WARN_COMMA = YES;
				CLANG_WARN_CONSTANT_CONVERSION = YES;
				CLANG_WARN_DEPRECATED_OBJC_IMPLEMENTATIONS = YES;
				CLANG_WARN_DIRECT_OBJC_ISA_USAGE = YES_ERROR;
				CLANG_WARN_DOCUMENTATION_COMMENTS = YES;
				CLANG_WARN_EMPTY_BODY = YES;
				CLANG_WARN_ENUM_CONVERSION = YES;
				CLANG_WARN_INFINITE_RECURSION = YES;
				CLANG_WARN_INT_CONVERSION = YES;
				CLANG_WARN_NON_LITERAL_NULL_CONVERSION = YES;
				CLANG_WARN_OBJC_IMPLICIT_RETAIN_SELF = YES;
				CLANG_WARN_OBJC_LITERAL_CONVERSION = YES;
				CLANG_WARN_OBJC_ROOT_CLASS = YES_ERROR;
				CLANG_WARN_QUOTED_INCLUDE_IN_FRAMEWORK_HEADER = YES;
				CLANG_WARN_RANGE_LOOP_ANALYSIS = YES;
				CLANG_WARN_STRICT_PROTOTYPES = YES;
				CLANG_WARN_SUSPICIOUS_MOVE = YES;
				CLANG_WARN_UNGUARDED_AVAILABILITY = YES_AGGRESSIVE;
				CLANG_WARN_UNREACHABLE_CODE = YES;
				CLANG_WARN__DUPLICATE_METHOD_MATCH = YES;
				COPY_PHASE_STRIP = NO;
				DEBUG_INFORMATION_FORMAT = "dwarf-with-dsym";
				ENABLE_NS_ASSERTIONS = NO;
				ENABLE_STRICT_OBJC_MSGSEND = YES;
				GCC_C_LANGUAGE_STANDARD = gnu11;
				GCC_NO_COMMON_BLOCKS = YES;
				GCC_WARN_64_TO_32_BIT_CONVERSION = YES;
				GCC_WARN_ABOUT_RETURN_TYPE = YES_ERROR;
				GCC_WARN_UNDECLARED_SELECTOR = YES;
				GCC_WARN_UNINITIALIZED_AUTOS = YES_AGGRESSIVE;
				GCC_WARN_UNUSED_FUNCTION = YES;
				GCC_WARN_UNUSED_VARIABLE = YES;
				IPHONEOS_DEPLOYMENT_TARGET = 15.2;
				MTL_ENABLE_DEBUG_INFO = NO;
				MTL_FAST_MATH = YES;
				SDKROOT = iphoneos;
				SWIFT_COMPILATION_MODE = wholemodule;
				SWIFT_OPTIMIZATION_LEVEL = "-O";
				VALIDATE_PRODUCT = YES;
			};
			name = Release;
		};
		C0E63C1827B9ABD50033B879 /* Debug */ = {
			isa = XCBuildConfiguration;
			buildSettings = {
				ASSETCATALOG_COMPILER_APPICON_NAME = AppIcon;
				ASSETCATALOG_COMPILER_GLOBAL_ACCENT_COLOR_NAME = AccentColor;
				CODE_SIGN_STYLE = Automatic;
				CURRENT_PROJECT_VERSION = 1;
				DEVELOPMENT_ASSET_PATHS = "\"SpaceX/Preview Content\"";
				DEVELOPMENT_TEAM = 57MDPUFGC8;
				ENABLE_PREVIEWS = YES;
				GENERATE_INFOPLIST_FILE = YES;
				INFOPLIST_FILE = SpaceX/Info.plist;
				INFOPLIST_KEY_UIApplicationSceneManifest_Generation = YES;
				INFOPLIST_KEY_UIApplicationSupportsIndirectInputEvents = YES;
				INFOPLIST_KEY_UIStatusBarHidden = NO;
				INFOPLIST_KEY_UISupportedInterfaceOrientations = UIInterfaceOrientationPortrait;
				INFOPLIST_KEY_UISupportedInterfaceOrientations_iPad = "UIInterfaceOrientationPortrait UIInterfaceOrientationPortraitUpsideDown UIInterfaceOrientationLandscapeLeft UIInterfaceOrientationLandscapeRight";
				INFOPLIST_KEY_UISupportedInterfaceOrientations_iPhone = "UIInterfaceOrientationPortrait UIInterfaceOrientationLandscapeLeft UIInterfaceOrientationLandscapeRight";
				LD_RUNPATH_SEARCH_PATHS = (
					"$(inherited)",
					"@executable_path/Frameworks",
				);
				MARKETING_VERSION = 1.0;
				PRODUCT_BUNDLE_IDENTIFIER = se.marber.SpX;
				PRODUCT_NAME = "$(TARGET_NAME)";
				SWIFT_EMIT_LOC_STRINGS = YES;
				SWIFT_VERSION = 5.0;
				TARGETED_DEVICE_FAMILY = 1;
			};
			name = Debug;
		};
		C0E63C1927B9ABD50033B879 /* Release */ = {
			isa = XCBuildConfiguration;
			buildSettings = {
				ASSETCATALOG_COMPILER_APPICON_NAME = AppIcon;
				ASSETCATALOG_COMPILER_GLOBAL_ACCENT_COLOR_NAME = AccentColor;
				CODE_SIGN_STYLE = Automatic;
				CURRENT_PROJECT_VERSION = 1;
				DEVELOPMENT_ASSET_PATHS = "\"SpaceX/Preview Content\"";
				DEVELOPMENT_TEAM = 57MDPUFGC8;
				ENABLE_PREVIEWS = YES;
				GENERATE_INFOPLIST_FILE = YES;
				INFOPLIST_FILE = SpaceX/Info.plist;
				INFOPLIST_KEY_UIApplicationSceneManifest_Generation = YES;
				INFOPLIST_KEY_UIApplicationSupportsIndirectInputEvents = YES;
				INFOPLIST_KEY_UIStatusBarHidden = NO;
				INFOPLIST_KEY_UISupportedInterfaceOrientations = UIInterfaceOrientationPortrait;
				INFOPLIST_KEY_UISupportedInterfaceOrientations_iPad = "UIInterfaceOrientationPortrait UIInterfaceOrientationPortraitUpsideDown UIInterfaceOrientationLandscapeLeft UIInterfaceOrientationLandscapeRight";
				INFOPLIST_KEY_UISupportedInterfaceOrientations_iPhone = "UIInterfaceOrientationPortrait UIInterfaceOrientationLandscapeLeft UIInterfaceOrientationLandscapeRight";
				LD_RUNPATH_SEARCH_PATHS = (
					"$(inherited)",
					"@executable_path/Frameworks",
				);
				MARKETING_VERSION = 1.0;
				PRODUCT_BUNDLE_IDENTIFIER = se.marber.SpX;
				PRODUCT_NAME = "$(TARGET_NAME)";
				SWIFT_EMIT_LOC_STRINGS = YES;
				SWIFT_VERSION = 5.0;
				TARGETED_DEVICE_FAMILY = 1;
			};
			name = Release;
		};
/* End XCBuildConfiguration section */

/* Begin XCConfigurationList section */
		C0E63C0427B9ABD30033B879 /* Build configuration list for PBXProject "SpaceX" */ = {
			isa = XCConfigurationList;
			buildConfigurations = (
				C0E63C1527B9ABD50033B879 /* Debug */,
				C0E63C1627B9ABD50033B879 /* Release */,
			);
			defaultConfigurationIsVisible = 0;
			defaultConfigurationName = Release;
		};
		C0E63C1727B9ABD50033B879 /* Build configuration list for PBXNativeTarget "SpaceX" */ = {
			isa = XCConfigurationList;
			buildConfigurations = (
				C0E63C1827B9ABD50033B879 /* Debug */,
				C0E63C1927B9ABD50033B879 /* Release */,
			);
			defaultConfigurationIsVisible = 0;
			defaultConfigurationName = Release;
		};
/* End XCConfigurationList section */

/* Begin XCRemoteSwiftPackageReference section */
		C0E63C2327B9AE070033B879 /* XCRemoteSwiftPackageReference "apollo-ios" */ = {
			isa = XCRemoteSwiftPackageReference;
			repositoryURL = "https://github.com/apollographql/apollo-ios.git";
			requirement = {
				kind = upToNextMinorVersion;
				minimumVersion = 0.50.0;
			};
		};
/* End XCRemoteSwiftPackageReference section */

/* Begin XCSwiftPackageProductDependency section */
		C0E63C2427B9AE070033B879 /* Apollo */ = {
			isa = XCSwiftPackageProductDependency;
			package = C0E63C2327B9AE070033B879 /* XCRemoteSwiftPackageReference "apollo-ios" */;
			productName = Apollo;
		};
		C0E63C2627B9AE070033B879 /* ApolloWebSocket */ = {
			isa = XCSwiftPackageProductDependency;
			package = C0E63C2327B9AE070033B879 /* XCRemoteSwiftPackageReference "apollo-ios" */;
			productName = ApolloWebSocket;
		};
/* End XCSwiftPackageProductDependency section */
	};
	rootObject = C0E63C0127B9ABD30033B879 /* Project object */;
}
